
Microsoft Visual Studio Solution File, Format Version 12.00
# Visual Studio 15
VisualStudioVersion = 15.0.28307.645
MinimumVisualStudioVersion = 10.0.40219.1
Project("{FAE04EC0-301F-11D3-BF4B-00C04F79EFBC}") = "OpticaZamora", "OpticaZamora\OpticaZamora.csproj", "{FC476D22-3AEE-4D93-B211-92E787990DC1}"
EndProject
Project("{FAE04EC0-301F-11D3-BF4B-00C04F79EFBC}") = "PruebasSeleniunOpticaZamora", "PruebasSeleniunOpticaZamora\PruebasSeleniunOpticaZamora.csproj", "{9F518C9B-C6FA-46BE-966C-766660523B20}"
EndProject
Global
	GlobalSection(SolutionConfigurationPlatforms) = preSolution
		Debug|Any CPU = Debug|Any CPU
		Release|Any CPU = Release|Any CPU
	EndGlobalSection
	GlobalSection(ProjectConfigurationPlatforms) = postSolution
		{FC476D22-3AEE-4D93-B211-92E787990DC1}.Debug|Any CPU.ActiveCfg = Debug|Any CPU
		{FC476D22-3AEE-4D93-B211-92E787990DC1}.Debug|Any CPU.Build.0 = Debug|Any CPU
		{FC476D22-3AEE-4D93-B211-92E787990DC1}.Release|Any CPU.ActiveCfg = Release|Any CPU
		{FC476D22-3AEE-4D93-B211-92E787990DC1}.Release|Any CPU.Build.0 = Release|Any CPU
		{9F518C9B-C6FA-46BE-966C-766660523B20}.Debug|Any CPU.ActiveCfg = Debug|Any CPU
		{9F518C9B-C6FA-46BE-966C-766660523B20}.Debug|Any CPU.Build.0 = Debug|Any CPU
		{9F518C9B-C6FA-46BE-966C-766660523B20}.Release|Any CPU.ActiveCfg = Release|Any CPU
		{9F518C9B-C6FA-46BE-966C-766660523B20}.Release|Any CPU.Build.0 = Release|Any CPU
	EndGlobalSection
	GlobalSection(SolutionProperties) = preSolution
		HideSolutionNode = FALSE
	EndGlobalSection
	GlobalSection(ExtensibilityGlobals) = postSolution
		SolutionGuid = {E7523313-521E-4A30-BFD9-5F570DCA6C8B}
	EndGlobalSection
EndGlobal
